<?xml version="1.0" encoding="UTF-8" standalone="yes" ?>
<CodeBlocks_project_file>
	<FileVersion major="1" minor="6" />
	<Project>
		<Option title="dsk" />
		<Option pch_mode="2" />
		<Option compiler="gcc" />
		<Build>
			<Target title="Debug Win32">
				<Option output="dsk" prefix_auto="1" extension_auto="1" />
				<Option type="0" />
				<Option compiler="msvc8" />
				<Compiler>
					<Add option="-D_DZ80_EXCLUDE_SCRIPT" />
					<Add option="-DWIN32" />
					<Add option="-D_DEBUG" />
					<Add option="-D_CONSOLE" />
					<Add option="-D_CRT_SECURE_NO_WARNINGS" />
					<Add option="-D_CRT_SECURE_NO_DEPRECATE" />
					<Add option="-D_CRT_NONSTDC_NO_WARNINGS" />
				</Compiler>
				<Linker>
					<Add library="winmm.lib" />
					<Add library="kernel32.lib" />
				</Linker>
			</Target>
			<Target title="Release Win32">
				<Option output="dsk" prefix_auto="1" extension_auto="1" />
				<Option type="0" />
				<Option compiler="gcc" />
				<Compiler>
					<Add option="-D_DZ80_EXCLUDE_SCRIPT" />
					<Add option="-DWIN32" />
					<Add option="-DNDEBUG" />
					<Add option="-D_CONSOLE" />
					<Add option="-D_CRT_SECURE_NO_WARNINGS" />
					<Add option="-D_CRT_SECURE_NO_DEPRECATE" />
					<Add option="-D_CRT_NONSTDC_NO_WARNINGS" />
				</Compiler>
				<Linker>
					<Add library="winmm.lib" />
					<Add library="kernel32.lib" />
				</Linker>
			</Target>
		</Build>
		<Unit filename="CFSCPM.cpp" />
		<Unit filename="CFSCPM.h" />
		<Unit filename="CFSCPMHC.cpp" />
		<Unit filename="CFSCPMHC.h" />
		<Unit filename="CFSCPMPlus3.cpp" />
		<Unit filename="CFSCPMPlus3.h" />
		<Unit filename="CFSCobraDEVIL.cpp" />
		<Unit filename="CFSCobraDEVIL.h" />
		<Unit filename="CFSMGT.cpp" />
		<Unit filename="CFSMGT.h" />
		<Unit filename="CFSOpus.cpp" />
		<Unit filename="CFSOpus.h" />
		<Unit filename="CFSTRD.cpp" />
		<Unit filename="CFSTRD.h" />
		<Unit filename="CFSTRDSCL.cpp" />
		<Unit filename="CFSTRDSCL.h" />
		<Unit filename="CFile.cpp" />
		<Unit filename="CFile.h" />
		<Unit filename="CFileArchive.cpp" />
		<Unit filename="CFileArchive.h" />
		<Unit filename="CFileArchiveTape.cpp" />
		<Unit filename="CFileArchiveTape.h" />
		<Unit filename="CFileCPM.cpp" />
		<Unit filename="CFileCPM.h" />
		<Unit filename="CFileHC.cpp" />
		<Unit filename="CFileHC.h" />
		<Unit filename="CFileIF1.h" />
		<Unit filename="CFilePlus3.cpp" />
		<Unit filename="CFilePlus3.h" />
		<Unit filename="CFileSpectrum.cpp" />
		<Unit filename="CFileSpectrum.h" />
		<Unit filename="CFileSystem.cpp" />
		<Unit filename="CFileSystem.h" />
		<Unit filename="CFileTRD.cpp" />
		<Unit filename="CFileTRD.h" />
		<Unit filename="DiskBase.cpp" />
		<Unit filename="DiskBase.h" />
		<Unit filename="DiskImgCQM.cpp" />
		<Unit filename="DiskImgCQM.h" />
		<Unit filename="DiskImgRaw.cpp" />
		<Unit filename="DiskImgRaw.h" />
		<Unit filename="DiskWin32.cpp" />
		<Unit filename="DiskWin32.h" />
		<Unit filename="FileConverters/BasicDecoder.cpp" />
		<Unit filename="FileConverters/BasicDecoder.h" />
		<Unit filename="FileConverters/dz80/dissz80.c">
			<Option compilerVar="CC" />
		</Unit>
		<Unit filename="FileConverters/dz80/dissz80.h" />
		<Unit filename="FileConverters/dz80/dissz80p.h" />
		<Unit filename="FileConverters/dz80/dz80.h" />
		<Unit filename="FileConverters/dz80/loadfile.c">
			<Option compilerVar="CC" />
		</Unit>
		<Unit filename="FileConverters/dz80/noscript.c">
			<Option compilerVar="CC" />
		</Unit>
		<Unit filename="FileConverters/dz80/tables.c">
			<Option compilerVar="CC" />
		</Unit>
		<Unit filename="FileConverters/dz80/types.h" />
		<Unit filename="FileConverters/scr2gif.c">
			<Option compilerVar="CC" />
		</Unit>
		<Unit filename="HCDisk2EN.txt" />
		<Unit filename="Tape/TZX.cpp" />
		<Unit filename="Tape/TZX.h" />
		<Unit filename="Tape/Tape2Wave.cpp" />
		<Unit filename="Tape/Tape2Wave.h" />
		<Unit filename="Tape/TapeBlock.cpp" />
		<Unit filename="Tape/TapeBlock.h" />
		<Unit filename="Tape/Wave.cpp" />
		<Unit filename="Tape/Wave.h" />
		<Unit filename="Tape/tap.cpp" />
		<Unit filename="Tape/tap.h" />
		<Unit filename="dsk.cpp" />
		<Unit filename="dsk.h" />
		<Unit filename="edsk.cpp" />
		<Unit filename="edsk.h" />
		<Unit filename="main.cpp" />
		<Unit filename="types.h" />
		<Extensions>
			<code_completion />
			<envvars />
			<debugger />
		</Extensions>
	</Project>
</CodeBlocks_project_file>
